
Microsoft Visual Studio Solution File, Format Version 12.00
# Visual Studio Version 17
VisualStudioVersion = 17.4.33205.214
MinimumVisualStudioVersion = 10.0.40219.1
Project("{FAE04EC0-301F-11D3-BF4B-00C04F79EFBC}") = "CalculatorApplication", "CalculatorApplication.csproj", "{03D8AB49-7D9D-46CA-A3C2-74686B54F26E}"
EndProject
Global
	GlobalSection(SolutionConfigurationPlatforms) = preSolution
		Debug|Any CPU = Debug|Any CPU
		Release|Any CPU = Release|Any CPU
	EndGlobalSection
	GlobalSection(ProjectConfigurationPlatforms) = postSolution
		{03D8AB49-7D9D-46CA-A3C2-74686B54F26E}.Debug|Any CPU.ActiveCfg = Debug|Any CPU
		{03D8AB49-7D9D-46CA-A3C2-74686B54F26E}.Debug|Any CPU.Build.0 = Debug|Any CPU
		{03D8AB49-7D9D-46CA-A3C2-74686B54F26E}.Release|Any CPU.ActiveCfg = Release|Any CPU
		{03D8AB49-7D9D-46CA-A3C2-74686B54F26E}.Release|Any CPU.Build.0 = Release|Any CPU
	EndGlobalSection
	GlobalSection(SolutionProperties) = preSolution
		HideSolutionNode = FALSE
	EndGlobalSection
	GlobalSection(ExtensibilityGlobals) = postSolution
		SolutionGuid = {66C580DB-2941-42D9-91C3-51C72FB902EE}
	EndGlobalSection
EndGlobal
